
Microsoft Visual Studio Solution File, Format Version 12.00
# Visual Studio Version 16
VisualStudioVersion = 16.0.28803.452
MinimumVisualStudioVersion = 10.0.40219.1
Project("{FAE04EC0-301F-11D3-BF4B-00C04F79EFBC}") = "Arc.DataVisualizers", "Arc.DataVisualizers\Arc.DataVisualizers.csproj", "{C2C36B6B-74C3-4449-9451-53D473E4F27E}"
EndProject
Project("{FAE04EC0-301F-11D3-BF4B-00C04F79EFBC}") = "VisualizerTest", "VisualizerTest\VisualizerTest.csproj", "{1D6AE6BB-51D0-4AC1-B010-E6D953435BFF}"
EndProject
Project("{FAE04EC0-301F-11D3-BF4B-00C04F79EFBC}") = "Arc.DataVisualizers.ListVisualizer.VSIX", "Arc.DataVisualizers.ListVisualizer.VSIX\Arc.DataVisualizers.ListVisualizer.VSIX.csproj", "{BA224427-6DCB-41EC-AB69-58A9345AA54E}"
EndProject
Project("{FAE04EC0-301F-11D3-BF4B-00C04F79EFBC}") = "Arc.Visualizers.Test", "Arc.Visualizers.Test\Arc.Visualizers.Test.csproj", "{DCA27744-55BE-4E63-BCF7-565C6F605FC9}"
	ProjectSection(ProjectDependencies) = postProject
		{C2C36B6B-74C3-4449-9451-53D473E4F27E} = {C2C36B6B-74C3-4449-9451-53D473E4F27E}
	EndProjectSection
EndProject
Global
	GlobalSection(SolutionConfigurationPlatforms) = preSolution
		Debug|Any CPU = Debug|Any CPU
		Release|Any CPU = Release|Any CPU
	EndGlobalSection
	GlobalSection(ProjectConfigurationPlatforms) = postSolution
		{C2C36B6B-74C3-4449-9451-53D473E4F27E}.Debug|Any CPU.ActiveCfg = Debug|Any CPU
		{C2C36B6B-74C3-4449-9451-53D473E4F27E}.Debug|Any CPU.Build.0 = Debug|Any CPU
		{C2C36B6B-74C3-4449-9451-53D473E4F27E}.Release|Any CPU.ActiveCfg = Release|Any CPU
		{C2C36B6B-74C3-4449-9451-53D473E4F27E}.Release|Any CPU.Build.0 = Release|Any CPU
		{1D6AE6BB-51D0-4AC1-B010-E6D953435BFF}.Debug|Any CPU.ActiveCfg = Debug|Any CPU
		{1D6AE6BB-51D0-4AC1-B010-E6D953435BFF}.Debug|Any CPU.Build.0 = Debug|Any CPU
		{1D6AE6BB-51D0-4AC1-B010-E6D953435BFF}.Release|Any CPU.ActiveCfg = Release|Any CPU
		{1D6AE6BB-51D0-4AC1-B010-E6D953435BFF}.Release|Any CPU.Build.0 = Release|Any CPU
		{BA224427-6DCB-41EC-AB69-58A9345AA54E}.Debug|Any CPU.ActiveCfg = Debug|Any CPU
		{BA224427-6DCB-41EC-AB69-58A9345AA54E}.Debug|Any CPU.Build.0 = Debug|Any CPU
		{BA224427-6DCB-41EC-AB69-58A9345AA54E}.Release|Any CPU.ActiveCfg = Release|Any CPU
		{BA224427-6DCB-41EC-AB69-58A9345AA54E}.Release|Any CPU.Build.0 = Release|Any CPU
		{DCA27744-55BE-4E63-BCF7-565C6F605FC9}.Debug|Any CPU.ActiveCfg = Debug|Any CPU
		{DCA27744-55BE-4E63-BCF7-565C6F605FC9}.Debug|Any CPU.Build.0 = Debug|Any CPU
		{DCA27744-55BE-4E63-BCF7-565C6F605FC9}.Release|Any CPU.ActiveCfg = Release|Any CPU
		{DCA27744-55BE-4E63-BCF7-565C6F605FC9}.Release|Any CPU.Build.0 = Release|Any CPU
	EndGlobalSection
	GlobalSection(SolutionProperties) = preSolution
		HideSolutionNode = FALSE
	EndGlobalSection
	GlobalSection(ExtensibilityGlobals) = postSolution
		SolutionGuid = {FF95C737-6154-4FFC-8819-D16A3C5D4A60}
	EndGlobalSection
EndGlobal
