
Microsoft Visual Studio Solution File, Format Version 12.00
# Visual Studio 14
VisualStudioVersion = 14.0.23107.0
MinimumVisualStudioVersion = 10.0.40219.1
Project("{FAE04EC0-301F-11D3-BF4B-00C04F79EFBC}") = "Arc.DataVisualizers", "Arc.DataVisualizers\Arc.DataVisualizers.csproj", "{C2C36B6B-74C3-4449-9451-53D473E4F27E}"
EndProject
Project("{FAE04EC0-301F-11D3-BF4B-00C04F79EFBC}") = "VisualizerTest", "VisualizerTest\VisualizerTest.csproj", "{1D6AE6BB-51D0-4AC1-B010-E6D953435BFF}"
EndProject
Global
	GlobalSection(SolutionConfigurationPlatforms) = preSolution
		Debug|Any CPU = Debug|Any CPU
		Release|Any CPU = Release|Any CPU
	EndGlobalSection
	GlobalSection(ProjectConfigurationPlatforms) = postSolution
		{C2C36B6B-74C3-4449-9451-53D473E4F27E}.Debug|Any CPU.ActiveCfg = Debug|Any CPU
		{C2C36B6B-74C3-4449-9451-53D473E4F27E}.Debug|Any CPU.Build.0 = Debug|Any CPU
		{C2C36B6B-74C3-4449-9451-53D473E4F27E}.Release|Any CPU.ActiveCfg = Release|Any CPU
		{C2C36B6B-74C3-4449-9451-53D473E4F27E}.Release|Any CPU.Build.0 = Release|Any CPU
		{1D6AE6BB-51D0-4AC1-B010-E6D953435BFF}.Debug|Any CPU.ActiveCfg = Debug|Any CPU
		{1D6AE6BB-51D0-4AC1-B010-E6D953435BFF}.Debug|Any CPU.Build.0 = Debug|Any CPU
		{1D6AE6BB-51D0-4AC1-B010-E6D953435BFF}.Release|Any CPU.ActiveCfg = Release|Any CPU
		{1D6AE6BB-51D0-4AC1-B010-E6D953435BFF}.Release|Any CPU.Build.0 = Release|Any CPU
	EndGlobalSection
	GlobalSection(SolutionProperties) = preSolution
		HideSolutionNode = FALSE
	EndGlobalSection
EndGlobal
